
Microsoft Visual Studio Solution File, Format Version 12.00
# Visual Studio Version 17
VisualStudioVersion = 17.0.31903.59
MinimumVisualStudioVersion = 10.0.40219.1
Project("{FAE04EC0-301F-11D3-BF4B-00C04F79EFBC}") = "BOL", "BOL\BOL.csproj", "{7C2C22C4-A313-43FA-9F6D-E6A51F806EF0}"
EndProject
Project("{FAE04EC0-301F-11D3-BF4B-00C04F79EFBC}") = "BLL", "BLL\BLL.csproj", "{C630BA2C-574F-4DBF-91BC-767EF5E2EF46}"
EndProject
Project("{FAE04EC0-301F-11D3-BF4B-00C04F79EFBC}") = "DAL", "DAL\DAL.csproj", "{C5A0BA02-6846-4BA6-B1B8-686A5C8930C1}"
EndProject
Project("{FAE04EC0-301F-11D3-BF4B-00C04F79EFBC}") = "MedicalCare", "MedicalCare\MedicalCare.csproj", "{47EA06F3-7EAB-426D-8E54-ED75481B79B5}"
EndProject
Global
	GlobalSection(SolutionConfigurationPlatforms) = preSolution
		Debug|Any CPU = Debug|Any CPU
		Release|Any CPU = Release|Any CPU
	EndGlobalSection
	GlobalSection(SolutionProperties) = preSolution
		HideSolutionNode = FALSE
	EndGlobalSection
	GlobalSection(ProjectConfigurationPlatforms) = postSolution
		{7C2C22C4-A313-43FA-9F6D-E6A51F806EF0}.Debug|Any CPU.ActiveCfg = Debug|Any CPU
		{7C2C22C4-A313-43FA-9F6D-E6A51F806EF0}.Debug|Any CPU.Build.0 = Debug|Any CPU
		{7C2C22C4-A313-43FA-9F6D-E6A51F806EF0}.Release|Any CPU.ActiveCfg = Release|Any CPU
		{7C2C22C4-A313-43FA-9F6D-E6A51F806EF0}.Release|Any CPU.Build.0 = Release|Any CPU
		{C630BA2C-574F-4DBF-91BC-767EF5E2EF46}.Debug|Any CPU.ActiveCfg = Debug|Any CPU
		{C630BA2C-574F-4DBF-91BC-767EF5E2EF46}.Debug|Any CPU.Build.0 = Debug|Any CPU
		{C630BA2C-574F-4DBF-91BC-767EF5E2EF46}.Release|Any CPU.ActiveCfg = Release|Any CPU
		{C630BA2C-574F-4DBF-91BC-767EF5E2EF46}.Release|Any CPU.Build.0 = Release|Any CPU
		{C5A0BA02-6846-4BA6-B1B8-686A5C8930C1}.Debug|Any CPU.ActiveCfg = Debug|Any CPU
		{C5A0BA02-6846-4BA6-B1B8-686A5C8930C1}.Debug|Any CPU.Build.0 = Debug|Any CPU
		{C5A0BA02-6846-4BA6-B1B8-686A5C8930C1}.Release|Any CPU.ActiveCfg = Release|Any CPU
		{C5A0BA02-6846-4BA6-B1B8-686A5C8930C1}.Release|Any CPU.Build.0 = Release|Any CPU
		{47EA06F3-7EAB-426D-8E54-ED75481B79B5}.Debug|Any CPU.ActiveCfg = Debug|Any CPU
		{47EA06F3-7EAB-426D-8E54-ED75481B79B5}.Debug|Any CPU.Build.0 = Debug|Any CPU
		{47EA06F3-7EAB-426D-8E54-ED75481B79B5}.Release|Any CPU.ActiveCfg = Release|Any CPU
		{47EA06F3-7EAB-426D-8E54-ED75481B79B5}.Release|Any CPU.Build.0 = Release|Any CPU
	EndGlobalSection
EndGlobal
